
Microsoft Visual Studio Solution File, Format Version 12.00
# Visual Studio Version 16
VisualStudioVersion = 16.0.29920.165
MinimumVisualStudioVersion = 10.0.40219.1
Project("{FAE04EC0-301F-11D3-BF4B-00C04F79EFBC}") = "Car Racing Game", "Car Racing Game\Car Racing Game.csproj", "{24E0E761-338C-463E-B3EE-9B6292550037}"
EndProject
Global
	GlobalSection(SolutionConfigurationPlatforms) = preSolution
		Debug|Any CPU = Debug|Any CPU
		Release|Any CPU = Release|Any CPU
	EndGlobalSection
	GlobalSection(ProjectConfigurationPlatforms) = postSolution
		{24E0E761-338C-463E-B3EE-9B6292550037}.Debug|Any CPU.ActiveCfg = Debug|Any CPU
		{24E0E761-338C-463E-B3EE-9B6292550037}.Debug|Any CPU.Build.0 = Debug|Any CPU
		{24E0E761-338C-463E-B3EE-9B6292550037}.Release|Any CPU.ActiveCfg = Release|Any CPU
		{24E0E761-338C-463E-B3EE-9B6292550037}.Release|Any CPU.Build.0 = Release|Any CPU
	EndGlobalSection
	GlobalSection(SolutionProperties) = preSolution
		HideSolutionNode = FALSE
	EndGlobalSection
	GlobalSection(ExtensibilityGlobals) = postSolution
		SolutionGuid = {2F86D551-E24A-49BA-86BB-0F16DF9AEEA9}
	EndGlobalSection
EndGlobal
